
Microsoft Visual Studio Solution File, Format Version 12.00
# Visual Studio Version 16
VisualStudioVersion = 16.0.30804.86
MinimumVisualStudioVersion = 10.0.40219.1
Project("{9A19103F-16F7-4668-BE54-9A1E7A4F7556}") = "Hahn.ApplicationProcess.December2020.Data", "Hahn.ApplicationProcess.December2020.Data\Hahn.ApplicationProcess.December2020.Data.csproj", "{82324085-2FFF-4E8D-8690-A9BEE792B03F}"
EndProject
Project("{9A19103F-16F7-4668-BE54-9A1E7A4F7556}") = "Hahn.ApplicationProcess.December2020.Domain", "Hahn.ApplicationProcess.December2020.Domain\Hahn.ApplicationProcess.December2020.Domain.csproj", "{10BD5E56-0714-4760-9B97-8AC3AA043EEE}"
EndProject
Project("{9A19103F-16F7-4668-BE54-9A1E7A4F7556}") = "Hahn.ApplicationProcess.December2020.Web", "Hahn.ApplicationProcess.December2020.Web\Hahn.ApplicationProcess.December2020.Web.csproj", "{10DEBE65-11C2-40F6-8132-372D0EE0E309}"
EndProject
Project("{9A19103F-16F7-4668-BE54-9A1E7A4F7556}") = "project", "aurelia-app\project.csproj", "{46880ADF-D781-4171-8E47-66B7D0FA03B2}"
EndProject
Global
	GlobalSection(SolutionConfigurationPlatforms) = preSolution
		Debug|Any CPU = Debug|Any CPU
		Release|Any CPU = Release|Any CPU
	EndGlobalSection
	GlobalSection(ProjectConfigurationPlatforms) = postSolution
		{82324085-2FFF-4E8D-8690-A9BEE792B03F}.Debug|Any CPU.ActiveCfg = Debug|Any CPU
		{82324085-2FFF-4E8D-8690-A9BEE792B03F}.Debug|Any CPU.Build.0 = Debug|Any CPU
		{82324085-2FFF-4E8D-8690-A9BEE792B03F}.Release|Any CPU.ActiveCfg = Release|Any CPU
		{82324085-2FFF-4E8D-8690-A9BEE792B03F}.Release|Any CPU.Build.0 = Release|Any CPU
		{10BD5E56-0714-4760-9B97-8AC3AA043EEE}.Debug|Any CPU.ActiveCfg = Debug|Any CPU
		{10BD5E56-0714-4760-9B97-8AC3AA043EEE}.Debug|Any CPU.Build.0 = Debug|Any CPU
		{10BD5E56-0714-4760-9B97-8AC3AA043EEE}.Release|Any CPU.ActiveCfg = Release|Any CPU
		{10BD5E56-0714-4760-9B97-8AC3AA043EEE}.Release|Any CPU.Build.0 = Release|Any CPU
		{10DEBE65-11C2-40F6-8132-372D0EE0E309}.Debug|Any CPU.ActiveCfg = Debug|Any CPU
		{10DEBE65-11C2-40F6-8132-372D0EE0E309}.Debug|Any CPU.Build.0 = Debug|Any CPU
		{10DEBE65-11C2-40F6-8132-372D0EE0E309}.Release|Any CPU.ActiveCfg = Release|Any CPU
		{10DEBE65-11C2-40F6-8132-372D0EE0E309}.Release|Any CPU.Build.0 = Release|Any CPU
		{46880ADF-D781-4171-8E47-66B7D0FA03B2}.Debug|Any CPU.ActiveCfg = Debug|Any CPU
		{46880ADF-D781-4171-8E47-66B7D0FA03B2}.Debug|Any CPU.Build.0 = Debug|Any CPU
		{46880ADF-D781-4171-8E47-66B7D0FA03B2}.Release|Any CPU.ActiveCfg = Release|Any CPU
		{46880ADF-D781-4171-8E47-66B7D0FA03B2}.Release|Any CPU.Build.0 = Release|Any CPU
	EndGlobalSection
	GlobalSection(SolutionProperties) = preSolution
		HideSolutionNode = FALSE
	EndGlobalSection
	GlobalSection(ExtensibilityGlobals) = postSolution
		SolutionGuid = {CB78D1DC-6C5A-4122-BD2B-DC0D8867CDD5}
	EndGlobalSection
EndGlobal
